
Microsoft Visual Studio Solution File, Format Version 12.00
# Visual Studio Version 17
VisualStudioVersion = 17.14.36127.28 d17.14
MinimumVisualStudioVersion = 10.0.40219.1
Project("{FAE04EC0-301F-11D3-BF4B-00C04F79EFBC}") = "ConsoleApp19", "ConsoleApp19\ConsoleApp19.csproj", "{1BA839A5-23AC-44CC-B566-6FD515A9242D}"
EndProject
Global
	GlobalSection(SolutionConfigurationPlatforms) = preSolution
		Debug|Any CPU = Debug|Any CPU
		Release|Any CPU = Release|Any CPU
	EndGlobalSection
	GlobalSection(ProjectConfigurationPlatforms) = postSolution
		{1BA839A5-23AC-44CC-B566-6FD515A9242D}.Debug|Any CPU.ActiveCfg = Debug|Any CPU
		{1BA839A5-23AC-44CC-B566-6FD515A9242D}.Debug|Any CPU.Build.0 = Debug|Any CPU
		{1BA839A5-23AC-44CC-B566-6FD515A9242D}.Release|Any CPU.ActiveCfg = Release|Any CPU
		{1BA839A5-23AC-44CC-B566-6FD515A9242D}.Release|Any CPU.Build.0 = Release|Any CPU
	EndGlobalSection
	GlobalSection(SolutionProperties) = preSolution
		HideSolutionNode = FALSE
	EndGlobalSection
	GlobalSection(ExtensibilityGlobals) = postSolution
		SolutionGuid = {FE98418A-1D06-48AB-8274-21FB03F847FA}
	EndGlobalSection
EndGlobal
